// !$*UTF8*$!
{
	archiveVersion = 1;
	classes = {
	};
	objectVersion = 46;
	objects = {

/* Begin PBXBuildFile section */
		36DF382E22A1B93700753DD2 /* AppDelegate.swift in Sources */ = {isa = PBXBuildFile; fileRef = 36DF382D22A1B93700753DD2 /* AppDelegate.swift */; };
		36DF383022A1B93700753DD2 /* ViewController.swift in Sources */ = {isa = PBXBuildFile; fileRef = 36DF382F22A1B93700753DD2 /* ViewController.swift */; };
		36DF383322A1B93700753DD2 /* Main.storyboard in Resources */ = {isa = PBXBuildFile; fileRef = 36DF383122A1B93700753DD2 /* Main.storyboard */; };
		36DF383522A1B93900753DD2 /* Assets.xcassets in Resources */ = {isa = PBXBuildFile; fileRef = 36DF383422A1B93900753DD2 /* Assets.xcassets */; };
		71570CF3D82085159D562981 /* Pods_FZTextFocuser_Example.framework in Frameworks */ = {isa = PBXBuildFile; fileRef = 97DD8C49F0FE83BD7109A074 /* Pods_FZTextFocuser_Example.framework */; };
/* End PBXBuildFile section */

/* Begin PBXFileReference section */
		14540BC68149474F69372C30 /* README.md */ = {isa = PBXFileReference; includeInIndex = 1; lastKnownFileType = net.daringfireball.markdown; name = README.md; path = ../README.md; sourceTree = "<group>"; };
		1B70B930D4F4D6E1F34F23E4 /* FZTextFocuser.podspec */ = {isa = PBXFileReference; includeInIndex = 1; lastKnownFileType = text; name = FZTextFocuser.podspec; path = ../FZTextFocuser.podspec; sourceTree = "<group>"; };
		3172B179C25BC75E11439BBB /* Pods-FZTextFocuser_Tests.debug.xcconfig */ = {isa = PBXFileReference; includeInIndex = 1; lastKnownFileType = text.xcconfig; name = "Pods-FZTextFocuser_Tests.debug.xcconfig"; path = "Target Support Files/Pods-FZTextFocuser_Tests/Pods-FZTextFocuser_Tests.debug.xcconfig"; sourceTree = "<group>"; };
		36DF382B22A1B93700753DD2 /* FZTextFocuser_Example.app */ = {isa = PBXFileReference; explicitFileType = wrapper.application; includeInIndex = 0; path = FZTextFocuser_Example.app; sourceTree = BUILT_PRODUCTS_DIR; };
		36DF382D22A1B93700753DD2 /* AppDelegate.swift */ = {isa = PBXFileReference; lastKnownFileType = sourcecode.swift; path = AppDelegate.swift; sourceTree = "<group>"; };
		36DF382F22A1B93700753DD2 /* ViewController.swift */ = {isa = PBXFileReference; lastKnownFileType = sourcecode.swift; path = ViewController.swift; sourceTree = "<group>"; };
		36DF383222A1B93700753DD2 /* Base */ = {isa = PBXFileReference; lastKnownFileType = file.storyboard; name = Base; path = Base.lproj/Main.storyboard; sourceTree = "<group>"; };
		36DF383422A1B93900753DD2 /* Assets.xcassets */ = {isa = PBXFileReference; lastKnownFileType = folder.assetcatalog; path = Assets.xcassets; sourceTree = "<group>"; };
		36DF383622A1B93900753DD2 /* Info.plist */ = {isa = PBXFileReference; lastKnownFileType = text.plist.xml; path = Info.plist; sourceTree = "<group>"; };
		4D16CC01553C4F2BA2825605 /* Pods-FZTextFocuser_Example.debug.xcconfig */ = {isa = PBXFileReference; includeInIndex = 1; lastKnownFileType = text.xcconfig; name = "Pods-FZTextFocuser_Example.debug.xcconfig"; path = "Target Support Files/Pods-FZTextFocuser_Example/Pods-FZTextFocuser_Example.debug.xcconfig"; sourceTree = "<group>"; };
		97DD8C49F0FE83BD7109A074 /* Pods_FZTextFocuser_Example.framework */ = {isa = PBXFileReference; explicitFileType = wrapper.framework; includeInIndex = 0; path = Pods_FZTextFocuser_Example.framework; sourceTree = BUILT_PRODUCTS_DIR; };
		9D2DE63F9250B63D0C727291 /* LICENSE */ = {isa = PBXFileReference; includeInIndex = 1; lastKnownFileType = text; name = LICENSE; path = ../LICENSE; sourceTree = "<group>"; };
		C3835D5C9D985C943F501538 /* Pods-FZTextFocuser_Tests.release.xcconfig */ = {isa = PBXFileReference; includeInIndex = 1; lastKnownFileType = text.xcconfig; name = "Pods-FZTextFocuser_Tests.release.xcconfig"; path = "Target Support Files/Pods-FZTextFocuser_Tests/Pods-FZTextFocuser_Tests.release.xcconfig"; sourceTree = "<group>"; };
		E51206B197E72E50A50C9A32 /* Pods_FZTextFocuser_Tests.framework */ = {isa = PBXFileReference; explicitFileType = wrapper.framework; includeInIndex = 0; path = Pods_FZTextFocuser_Tests.framework; sourceTree = BUILT_PRODUCTS_DIR; };
		F534EC8144AB70D600454CCD /* Pods-FZTextFocuser_Example.release.xcconfig */ = {isa = PBXFileReference; includeInIndex = 1; lastKnownFileType = text.xcconfig; name = "Pods-FZTextFocuser_Example.release.xcconfig"; path = "Target Support Files/Pods-FZTextFocuser_Example/Pods-FZTextFocuser_Example.release.xcconfig"; sourceTree = "<group>"; };
/* End PBXFileReference section */

/* Begin PBXFrameworksBuildPhase section */
		36DF382822A1B93700753DD2 /* Frameworks */ = {
			isa = PBXFrameworksBuildPhase;
			buildActionMask = 2147483647;
			files = (
				71570CF3D82085159D562981 /* Pods_FZTextFocuser_Example.framework in Frameworks */,
			);
			runOnlyForDeploymentPostprocessing = 0;
		};
/* End PBXFrameworksBuildPhase section */

/* Begin PBXGroup section */
		36DF382C22A1B93700753DD2 /* FZTextFocuser_Example */ = {
			isa = PBXGroup;
			children = (
				36DF382D22A1B93700753DD2 /* AppDelegate.swift */,
				36DF382F22A1B93700753DD2 /* ViewController.swift */,
				36DF383122A1B93700753DD2 /* Main.storyboard */,
				36DF383422A1B93900753DD2 /* Assets.xcassets */,
				36DF383622A1B93900753DD2 /* Info.plist */,
			);
			path = FZTextFocuser_Example;
			sourceTree = "<group>";
		};
		607FACC71AFB9204008FA782 = {
			isa = PBXGroup;
			children = (
				607FACF51AFB993E008FA782 /* Podspec Metadata */,
				36DF382C22A1B93700753DD2 /* FZTextFocuser_Example */,
				607FACD11AFB9204008FA782 /* Products */,
				F7D38BEBC1A3EE146E254691 /* Pods */,
				6BE1DD01D7008164DE8EB6CA /* Frameworks */,
			);
			sourceTree = "<group>";
		};
		607FACD11AFB9204008FA782 /* Products */ = {
			isa = PBXGroup;
			children = (
				36DF382B22A1B93700753DD2 /* FZTextFocuser_Example.app */,
			);
			name = Products;
			sourceTree = "<group>";
		};
		607FACF51AFB993E008FA782 /* Podspec Metadata */ = {
			isa = PBXGroup;
			children = (
				1B70B930D4F4D6E1F34F23E4 /* FZTextFocuser.podspec */,
				14540BC68149474F69372C30 /* README.md */,
				9D2DE63F9250B63D0C727291 /* LICENSE */,
			);
			name = "Podspec Metadata";
			sourceTree = "<group>";
		};
		6BE1DD01D7008164DE8EB6CA /* Frameworks */ = {
			isa = PBXGroup;
			children = (
				97DD8C49F0FE83BD7109A074 /* Pods_FZTextFocuser_Example.framework */,
				E51206B197E72E50A50C9A32 /* Pods_FZTextFocuser_Tests.framework */,
			);
			name = Frameworks;
			sourceTree = "<group>";
		};
		F7D38BEBC1A3EE146E254691 /* Pods */ = {
			isa = PBXGroup;
			children = (
				4D16CC01553C4F2BA2825605 /* Pods-FZTextFocuser_Example.debug.xcconfig */,
				F534EC8144AB70D600454CCD /* Pods-FZTextFocuser_Example.release.xcconfig */,
				3172B179C25BC75E11439BBB /* Pods-FZTextFocuser_Tests.debug.xcconfig */,
				C3835D5C9D985C943F501538 /* Pods-FZTextFocuser_Tests.release.xcconfig */,
			);
			path = Pods;
			sourceTree = "<group>";
		};
/* End PBXGroup section */

/* Begin PBXNativeTarget section */
		36DF382A22A1B93700753DD2 /* FZTextFocuser_Example */ = {
			isa = PBXNativeTarget;
			buildConfigurationList = 36DF383722A1B93900753DD2 /* Build configuration list for PBXNativeTarget "FZTextFocuser_Example" */;
			buildPhases = (
				72C9F958D3880BF126B0F68B /* [CP] Check Pods Manifest.lock */,
				36DF382722A1B93700753DD2 /* Sources */,
				36DF382822A1B93700753DD2 /* Frameworks */,
				36DF382922A1B93700753DD2 /* Resources */,
				E232907365F60A0D1C31748F /* [CP] Embed Pods Frameworks */,
			);
			buildRules = (
			);
			dependencies = (
			);
			name = FZTextFocuser_Example;
			productName = FZTextFocuser_Example;
			productReference = 36DF382B22A1B93700753DD2 /* FZTextFocuser_Example.app */;
			productType = "com.apple.product-type.application";
		};
/* End PBXNativeTarget section */

/* Begin PBXProject section */
		607FACC81AFB9204008FA782 /* Project object */ = {
			isa = PBXProject;
			attributes = {
				LastSwiftUpdateCheck = 1020;
				LastUpgradeCheck = 0830;
				ORGANIZATIONNAME = CocoaPods;
				TargetAttributes = {
					36DF382A22A1B93700753DD2 = {
						CreatedOnToolsVersion = 10.2.1;
						DevelopmentTeam = KP92Q673MQ;
						ProvisioningStyle = Automatic;
					};
				};
			};
			buildConfigurationList = 607FACCB1AFB9204008FA782 /* Build configuration list for PBXProject "FZTextFocuser" */;
			compatibilityVersion = "Xcode 3.2";
			developmentRegion = English;
			hasScannedForEncodings = 0;
			knownRegions = (
				English,
				en,
				Base,
			);
			mainGroup = 607FACC71AFB9204008FA782;
			productRefGroup = 607FACD11AFB9204008FA782 /* Products */;
			projectDirPath = "";
			projectRoot = "";
			targets = (
				36DF382A22A1B93700753DD2 /* FZTextFocuser_Example */,
			);
		};
/* End PBXProject section */

/* Begin PBXResourcesBuildPhase section */
		36DF382922A1B93700753DD2 /* Resources */ = {
			isa = PBXResourcesBuildPhase;
			buildActionMask = 2147483647;
			files = (
				36DF383522A1B93900753DD2 /* Assets.xcassets in Resources */,
				36DF383322A1B93700753DD2 /* Main.storyboard in Resources */,
			);
			runOnlyForDeploymentPostprocessing = 0;
		};
/* End PBXResourcesBuildPhase section */

/* Begin PBXShellScriptBuildPhase section */
		72C9F958D3880BF126B0F68B /* [CP] Check Pods Manifest.lock */ = {
			isa = PBXShellScriptBuildPhase;
			buildActionMask = 2147483647;
			files = (
			);
			inputFileListPaths = (
			);
			inputPaths = (
				"${PODS_PODFILE_DIR_PATH}/Podfile.lock",
				"${PODS_ROOT}/Manifest.lock",
			);
			name = "[CP] Check Pods Manifest.lock";
			outputFileListPaths = (
			);
			outputPaths = (
				"$(DERIVED_FILE_DIR)/Pods-FZTextFocuser_Example-checkManifestLockResult.txt",
			);
			runOnlyForDeploymentPostprocessing = 0;
			shellPath = /bin/sh;
			shellScript = "diff \"${PODS_PODFILE_DIR_PATH}/Podfile.lock\" \"${PODS_ROOT}/Manifest.lock\" > /dev/null\nif [ $? != 0 ] ; then\n    # print error to STDERR\n    echo \"error: The sandbox is not in sync with the Podfile.lock. Run 'pod install' or update your CocoaPods installation.\" >&2\n    exit 1\nfi\n# This output is used by Xcode 'outputs' to avoid re-running this script phase.\necho \"SUCCESS\" > \"${SCRIPT_OUTPUT_FILE_0}\"\n";
			showEnvVarsInLog = 0;
		};
		E232907365F60A0D1C31748F /* [CP] Embed Pods Frameworks */ = {
			isa = PBXShellScriptBuildPhase;
			buildActionMask = 2147483647;
			files = (
			);
			inputFileListPaths = (
			);
			inputPaths = (
				"${PODS_ROOT}/Target Support Files/Pods-FZTextFocuser_Example/Pods-FZTextFocuser_Example-frameworks.sh",
				"${BUILT_PRODUCTS_DIR}/FZTextFocuser/FZTextFocuser.framework",
				"${BUILT_PRODUCTS_DIR}/FuzeUtils/FuzeUtils.framework",
			);
			name = "[CP] Embed Pods Frameworks";
			outputFileListPaths = (
			);
			outputPaths = (
				"${TARGET_BUILD_DIR}/${FRAMEWORKS_FOLDER_PATH}/FZTextFocuser.framework",
				"${TARGET_BUILD_DIR}/${FRAMEWORKS_FOLDER_PATH}/FuzeUtils.framework",
			);
			runOnlyForDeploymentPostprocessing = 0;
			shellPath = /bin/sh;
			shellScript = "\"${PODS_ROOT}/Target Support Files/Pods-FZTextFocuser_Example/Pods-FZTextFocuser_Example-frameworks.sh\"\n";
			showEnvVarsInLog = 0;
		};
/* End PBXShellScriptBuildPhase section */

/* Begin PBXSourcesBuildPhase section */
		36DF382722A1B93700753DD2 /* Sources */ = {
			isa = PBXSourcesBuildPhase;
			buildActionMask = 2147483647;
			files = (
				36DF383022A1B93700753DD2 /* ViewController.swift in Sources */,
				36DF382E22A1B93700753DD2 /* AppDelegate.swift in Sources */,
			);
			runOnlyForDeploymentPostprocessing = 0;
		};
/* End PBXSourcesBuildPhase section */

/* Begin PBXVariantGroup section */
		36DF383122A1B93700753DD2 /* Main.storyboard */ = {
			isa = PBXVariantGroup;
			children = (
				36DF383222A1B93700753DD2 /* Base */,
			);
			name = Main.storyboard;
			sourceTree = "<group>";
		};
/* End PBXVariantGroup section */

/* Begin XCBuildConfiguration section */
		36DF383822A1B93900753DD2 /* Debug */ = {
			isa = XCBuildConfiguration;
			baseConfigurationReference = 4D16CC01553C4F2BA2825605 /* Pods-FZTextFocuser_Example.debug.xcconfig */;
			buildSettings = {
				ASSETCATALOG_COMPILER_APPICON_NAME = "App Icon & Top Shelf Image";
				ASSETCATALOG_COMPILER_LAUNCHIMAGE_NAME = LaunchImage;
				CLANG_ANALYZER_NONNULL = YES;
				CLANG_ANALYZER_NUMBER_OBJECT_CONVERSION = YES_AGGRESSIVE;
				CLANG_CXX_LANGUAGE_STANDARD = "gnu++14";
				CLANG_ENABLE_OBJC_WEAK = YES;
				CLANG_WARN_DEPRECATED_OBJC_IMPLEMENTATIONS = YES;
				CLANG_WARN_DOCUMENTATION_COMMENTS = YES;
				CLANG_WARN_OBJC_IMPLICIT_RETAIN_SELF = YES;
				CLANG_WARN_UNGUARDED_AVAILABILITY = YES_AGGRESSIVE;
				CODE_SIGN_STYLE = Automatic;
				DEBUG_INFORMATION_FORMAT = dwarf;
				DEVELOPMENT_TEAM = KP92Q673MQ;
				GCC_C_LANGUAGE_STANDARD = gnu11;
				INFOPLIST_FILE = FZTextFocuser_Example/Info.plist;
				LD_RUNPATH_SEARCH_PATHS = "$(inherited) @executable_path/Frameworks";
				MTL_ENABLE_DEBUG_INFO = INCLUDE_SOURCE;
				MTL_FAST_MATH = YES;
				PRODUCT_BUNDLE_IDENTIFIER = "cc.fuze.FZTextFocuser-Example";
				PRODUCT_NAME = "$(TARGET_NAME)";
				SDKROOT = appletvos;
				SWIFT_ACTIVE_COMPILATION_CONDITIONS = DEBUG;
				SWIFT_VERSION = 5.0;
				TARGETED_DEVICE_FAMILY = 3;
				TVOS_DEPLOYMENT_TARGET = 12.2;
			};
			name = Debug;
		};
		36DF383922A1B93900753DD2 /* Release */ = {
			isa = XCBuildConfiguration;
			baseConfigurationReference = F534EC8144AB70D600454CCD /* Pods-FZTextFocuser_Example.release.xcconfig */;
			buildSettings = {
				ASSETCATALOG_COMPILER_APPICON_NAME = "App Icon & Top Shelf Image";
				ASSETCATALOG_COMPILER_LAUNCHIMAGE_NAME = LaunchImage;
				CLANG_ANALYZER_NONNULL = YES;
				CLANG_ANALYZER_NUMBER_OBJECT_CONVERSION = YES_AGGRESSIVE;
				CLANG_CXX_LANGUAGE_STANDARD = "gnu++14";
				CLANG_ENABLE_OBJC_WEAK = YES;
				CLANG_WARN_DEPRECATED_OBJC_IMPLEMENTATIONS = YES;
				CLANG_WARN_DOCUMENTATION_COMMENTS = YES;
				CLANG_WARN_OBJC_IMPLICIT_RETAIN_SELF = YES;
				CLANG_WARN_UNGUARDED_AVAILABILITY = YES_AGGRESSIVE;
				CODE_SIGN_STYLE = Automatic;
				DEVELOPMENT_TEAM = KP92Q673MQ;
				GCC_C_LANGUAGE_STANDARD = gnu11;
				INFOPLIST_FILE = FZTextFocuser_Example/Info.plist;
				LD_RUNPATH_SEARCH_PATHS = "$(inherited) @executable_path/Frameworks";
				MTL_FAST_MATH = YES;
				PRODUCT_BUNDLE_IDENTIFIER = "cc.fuze.FZTextFocuser-Example";
				PRODUCT_NAME = "$(TARGET_NAME)";
				SDKROOT = appletvos;
				SWIFT_VERSION = 5.0;
				TARGETED_DEVICE_FAMILY = 3;
				TVOS_DEPLOYMENT_TARGET = 12.2;
			};
			name = Release;
		};
		607FACED1AFB9204008FA782 /* Debug */ = {
			isa = XCBuildConfiguration;
			buildSettings = {
				ALWAYS_SEARCH_USER_PATHS = NO;
				CLANG_CXX_LANGUAGE_STANDARD = "gnu++0x";
				CLANG_CXX_LIBRARY = "libc++";
				CLANG_ENABLE_MODULES = YES;
				CLANG_ENABLE_OBJC_ARC = YES;
				CLANG_WARN_BLOCK_CAPTURE_AUTORELEASING = YES;
				CLANG_WARN_BOOL_CONVERSION = YES;
				CLANG_WARN_COMMA = YES;
				CLANG_WARN_CONSTANT_CONVERSION = YES;
				CLANG_WARN_DIRECT_OBJC_ISA_USAGE = YES_ERROR;
				CLANG_WARN_EMPTY_BODY = YES;
				CLANG_WARN_ENUM_CONVERSION = YES;
				CLANG_WARN_INFINITE_RECURSION = YES;
				CLANG_WARN_INT_CONVERSION = YES;
				CLANG_WARN_NON_LITERAL_NULL_CONVERSION = YES;
				CLANG_WARN_OBJC_LITERAL_CONVERSION = YES;
				CLANG_WARN_OBJC_ROOT_CLASS = YES_ERROR;
				CLANG_WARN_RANGE_LOOP_ANALYSIS = YES;
				CLANG_WARN_STRICT_PROTOTYPES = YES;
				CLANG_WARN_SUSPICIOUS_MOVE = YES;
				CLANG_WARN_UNREACHABLE_CODE = YES;
				CLANG_WARN__DUPLICATE_METHOD_MATCH = YES;
				"CODE_SIGN_IDENTITY[sdk=iphoneos*]" = "iPhone Developer";
				COPY_PHASE_STRIP = NO;
				DEBUG_INFORMATION_FORMAT = "dwarf-with-dsym";
				ENABLE_STRICT_OBJC_MSGSEND = YES;
				ENABLE_TESTABILITY = YES;
				GCC_C_LANGUAGE_STANDARD = gnu99;
				GCC_DYNAMIC_NO_PIC = NO;
				GCC_NO_COMMON_BLOCKS = YES;
				GCC_OPTIMIZATION_LEVEL = 0;
				GCC_PREPROCESSOR_DEFINITIONS = (
					"DEBUG=1",
					"$(inherited)",
				);
				GCC_SYMBOLS_PRIVATE_EXTERN = NO;
				GCC_WARN_64_TO_32_BIT_CONVERSION = YES;
				GCC_WARN_ABOUT_RETURN_TYPE = YES_ERROR;
				GCC_WARN_UNDECLARED_SELECTOR = YES;
				GCC_WARN_UNINITIALIZED_AUTOS = YES_AGGRESSIVE;
				GCC_WARN_UNUSED_FUNCTION = YES;
				GCC_WARN_UNUSED_VARIABLE = YES;
				IPHONEOS_DEPLOYMENT_TARGET = 9.3;
				MTL_ENABLE_DEBUG_INFO = YES;
				ONLY_ACTIVE_ARCH = YES;
				SDKROOT = iphoneos;
				SWIFT_OPTIMIZATION_LEVEL = "-Onone";
			};
			name = Debug;
		};
		607FACEE1AFB9204008FA782 /* Release */ = {
			isa = XCBuildConfiguration;
			buildSettings = {
				ALWAYS_SEARCH_USER_PATHS = NO;
				CLANG_CXX_LANGUAGE_STANDARD = "gnu++0x";
				CLANG_CXX_LIBRARY = "libc++";
				CLANG_ENABLE_MODULES = YES;
				CLANG_ENABLE_OBJC_ARC = YES;
				CLANG_WARN_BLOCK_CAPTURE_AUTORELEASING = YES;
				CLANG_WARN_BOOL_CONVERSION = YES;
				CLANG_WARN_COMMA = YES;
				CLANG_WARN_CONSTANT_CONVERSION = YES;
				CLANG_WARN_DIRECT_OBJC_ISA_USAGE = YES_ERROR;
				CLANG_WARN_EMPTY_BODY = YES;
				CLANG_WARN_ENUM_CONVERSION = YES;
				CLANG_WARN_INFINITE_RECURSION = YES;
				CLANG_WARN_INT_CONVERSION = YES;
				CLANG_WARN_NON_LITERAL_NULL_CONVERSION = YES;
				CLANG_WARN_OBJC_LITERAL_CONVERSION = YES;
				CLANG_WARN_OBJC_ROOT_CLASS = YES_ERROR;
				CLANG_WARN_RANGE_LOOP_ANALYSIS = YES;
				CLANG_WARN_STRICT_PROTOTYPES = YES;
				CLANG_WARN_SUSPICIOUS_MOVE = YES;
				CLANG_WARN_UNREACHABLE_CODE = YES;
				CLANG_WARN__DUPLICATE_METHOD_MATCH = YES;
				"CODE_SIGN_IDENTITY[sdk=iphoneos*]" = "iPhone Developer";
				COPY_PHASE_STRIP = NO;
				DEBUG_INFORMATION_FORMAT = "dwarf-with-dsym";
				ENABLE_NS_ASSERTIONS = NO;
				ENABLE_STRICT_OBJC_MSGSEND = YES;
				GCC_C_LANGUAGE_STANDARD = gnu99;
				GCC_NO_COMMON_BLOCKS = YES;
				GCC_WARN_64_TO_32_BIT_CONVERSION = YES;
				GCC_WARN_ABOUT_RETURN_TYPE = YES_ERROR;
				GCC_WARN_UNDECLARED_SELECTOR = YES;
				GCC_WARN_UNINITIALIZED_AUTOS = YES_AGGRESSIVE;
				GCC_WARN_UNUSED_FUNCTION = YES;
				GCC_WARN_UNUSED_VARIABLE = YES;
				IPHONEOS_DEPLOYMENT_TARGET = 9.3;
				MTL_ENABLE_DEBUG_INFO = NO;
				SDKROOT = iphoneos;
				SWIFT_OPTIMIZATION_LEVEL = "-Owholemodule";
				VALIDATE_PRODUCT = YES;
			};
			name = Release;
		};
/* End XCBuildConfiguration section */

/* Begin XCConfigurationList section */
		36DF383722A1B93900753DD2 /* Build configuration list for PBXNativeTarget "FZTextFocuser_Example" */ = {
			isa = XCConfigurationList;
			buildConfigurations = (
				36DF383822A1B93900753DD2 /* Debug */,
				36DF383922A1B93900753DD2 /* Release */,
			);
			defaultConfigurationIsVisible = 0;
			defaultConfigurationName = Release;
		};
		607FACCB1AFB9204008FA782 /* Build configuration list for PBXProject "FZTextFocuser" */ = {
			isa = XCConfigurationList;
			buildConfigurations = (
				607FACED1AFB9204008FA782 /* Debug */,
				607FACEE1AFB9204008FA782 /* Release */,
			);
			defaultConfigurationIsVisible = 0;
			defaultConfigurationName = Release;
		};
/* End XCConfigurationList section */
	};
	rootObject = 607FACC81AFB9204008FA782 /* Project object */;
}
